
Microsoft Visual Studio Solution File, Format Version 12.00
# Visual Studio Version 17
VisualStudioVersion = 17.0.31903.59
MinimumVisualStudioVersion = 10.0.40219.1
Project("{2150E333-8FDC-42A3-9474-1A3956D46DE8}") = "src", "src", "{13318E4D-3C5E-4BD2-912F-47F3C76F7058}"
EndProject
Project("{FAE04EC0-301F-11D3-BF4B-00C04F79EFBC}") = "GreatIdeas.Template.WebAPI", "src\GreatIdeas.Template.WebAPI\GreatIdeas.Template.WebAPI.csproj", "{5BA7BFF8-F45A-4BA1-B191-867D761CEFCC}"
EndProject
Project("{FAE04EC0-301F-11D3-BF4B-00C04F79EFBC}") = "GreatIdeas.Template.Domain", "src\GreatIdeas.Template.Domain\GreatIdeas.Template.Domain.csproj", "{473C7ECD-CE43-4A9E-8135-4E57DE6AA7C1}"
EndProject
Project("{FAE04EC0-301F-11D3-BF4B-00C04F79EFBC}") = "GreatIdeas.Template.Application", "src\GreatIdeas.Template.Application\GreatIdeas.Template.Application.csproj", "{69865656-8432-43E0-90EA-05F2ACBDAB2F}"
EndProject
Project("{FAE04EC0-301F-11D3-BF4B-00C04F79EFBC}") = "GreatIdeas.Template.Infrastructure", "src\GreatIdeas.Template.Infrastructure\GreatIdeas.Template.Infrastructure.csproj", "{8882D822-BDE1-4642-8CEC-ED7050EFAB97}"
EndProject
Project("{2150E333-8FDC-42A3-9474-1A3956D46DE8}") = "aspire", "aspire", "{02EA681E-C7D8-13C7-8484-4AC65E1B71E8}"
EndProject
Project("{2150E333-8FDC-42A3-9474-1A3956D46DE8}") = ".items", ".items", "{2EC6BAA2-980D-4FF5-B66B-4F95557B126C}"
	ProjectSection(SolutionItems) = preProject
		.editorconfig = .editorconfig
		Directory.Build.props = Directory.Build.props
		Directory.Packages.props = Directory.Packages.props
		global.json = global.json
		Makefile = Makefile
	EndProjectSection
EndProject
Project("{FAE04EC0-301F-11D3-BF4B-00C04F79EFBC}") = "GreatIdeas.Template.AppHost", "aspire\GreatIdeas.Template.AppHost\GreatIdeas.Template.AppHost.csproj", "{48CF9FEF-FDF6-82EC-AA2C-81699E9CE323}"
EndProject
Project("{FAE04EC0-301F-11D3-BF4B-00C04F79EFBC}") = "GreatIdeas.Template.ServiceDefaults", "aspire\GreatIdeas.Template.ServiceDefaults\GreatIdeas.Template.ServiceDefaults.csproj", "{6065F697-0689-D869-267C-21464E326D3C}"
EndProject
Global
	GlobalSection(SolutionConfigurationPlatforms) = preSolution
		Debug|Any CPU = Debug|Any CPU
		Debug|x64 = Debug|x64
		Debug|x86 = Debug|x86
		Release|Any CPU = Release|Any CPU
		Release|x64 = Release|x64
		Release|x86 = Release|x86
	EndGlobalSection
	GlobalSection(ProjectConfigurationPlatforms) = postSolution
		{5BA7BFF8-F45A-4BA1-B191-867D761CEFCC}.Debug|Any CPU.ActiveCfg = Debug|Any CPU
		{5BA7BFF8-F45A-4BA1-B191-867D761CEFCC}.Debug|Any CPU.Build.0 = Debug|Any CPU
		{5BA7BFF8-F45A-4BA1-B191-867D761CEFCC}.Debug|x64.ActiveCfg = Debug|Any CPU
		{5BA7BFF8-F45A-4BA1-B191-867D761CEFCC}.Debug|x64.Build.0 = Debug|Any CPU
		{5BA7BFF8-F45A-4BA1-B191-867D761CEFCC}.Debug|x86.ActiveCfg = Debug|Any CPU
		{5BA7BFF8-F45A-4BA1-B191-867D761CEFCC}.Debug|x86.Build.0 = Debug|Any CPU
		{5BA7BFF8-F45A-4BA1-B191-867D761CEFCC}.Release|Any CPU.ActiveCfg = Release|Any CPU
		{5BA7BFF8-F45A-4BA1-B191-867D761CEFCC}.Release|Any CPU.Build.0 = Release|Any CPU
		{5BA7BFF8-F45A-4BA1-B191-867D761CEFCC}.Release|x64.ActiveCfg = Release|Any CPU
		{5BA7BFF8-F45A-4BA1-B191-867D761CEFCC}.Release|x64.Build.0 = Release|Any CPU
		{5BA7BFF8-F45A-4BA1-B191-867D761CEFCC}.Release|x86.ActiveCfg = Release|Any CPU
		{5BA7BFF8-F45A-4BA1-B191-867D761CEFCC}.Release|x86.Build.0 = Release|Any CPU
		{473C7ECD-CE43-4A9E-8135-4E57DE6AA7C1}.Debug|Any CPU.ActiveCfg = Debug|Any CPU
		{473C7ECD-CE43-4A9E-8135-4E57DE6AA7C1}.Debug|Any CPU.Build.0 = Debug|Any CPU
		{473C7ECD-CE43-4A9E-8135-4E57DE6AA7C1}.Debug|x64.ActiveCfg = Debug|Any CPU
		{473C7ECD-CE43-4A9E-8135-4E57DE6AA7C1}.Debug|x64.Build.0 = Debug|Any CPU
		{473C7ECD-CE43-4A9E-8135-4E57DE6AA7C1}.Debug|x86.ActiveCfg = Debug|Any CPU
		{473C7ECD-CE43-4A9E-8135-4E57DE6AA7C1}.Debug|x86.Build.0 = Debug|Any CPU
		{473C7ECD-CE43-4A9E-8135-4E57DE6AA7C1}.Release|Any CPU.ActiveCfg = Release|Any CPU
		{473C7ECD-CE43-4A9E-8135-4E57DE6AA7C1}.Release|Any CPU.Build.0 = Release|Any CPU
		{473C7ECD-CE43-4A9E-8135-4E57DE6AA7C1}.Release|x64.ActiveCfg = Release|Any CPU
		{473C7ECD-CE43-4A9E-8135-4E57DE6AA7C1}.Release|x64.Build.0 = Release|Any CPU
		{473C7ECD-CE43-4A9E-8135-4E57DE6AA7C1}.Release|x86.ActiveCfg = Release|Any CPU
		{473C7ECD-CE43-4A9E-8135-4E57DE6AA7C1}.Release|x86.Build.0 = Release|Any CPU
		{69865656-8432-43E0-90EA-05F2ACBDAB2F}.Debug|Any CPU.ActiveCfg = Debug|Any CPU
		{69865656-8432-43E0-90EA-05F2ACBDAB2F}.Debug|Any CPU.Build.0 = Debug|Any CPU
		{69865656-8432-43E0-90EA-05F2ACBDAB2F}.Debug|x64.ActiveCfg = Debug|Any CPU
		{69865656-8432-43E0-90EA-05F2ACBDAB2F}.Debug|x64.Build.0 = Debug|Any CPU
		{69865656-8432-43E0-90EA-05F2ACBDAB2F}.Debug|x86.ActiveCfg = Debug|Any CPU
		{69865656-8432-43E0-90EA-05F2ACBDAB2F}.Debug|x86.Build.0 = Debug|Any CPU
		{69865656-8432-43E0-90EA-05F2ACBDAB2F}.Release|Any CPU.ActiveCfg = Release|Any CPU
		{69865656-8432-43E0-90EA-05F2ACBDAB2F}.Release|Any CPU.Build.0 = Release|Any CPU
		{69865656-8432-43E0-90EA-05F2ACBDAB2F}.Release|x64.ActiveCfg = Release|Any CPU
		{69865656-8432-43E0-90EA-05F2ACBDAB2F}.Release|x64.Build.0 = Release|Any CPU
		{69865656-8432-43E0-90EA-05F2ACBDAB2F}.Release|x86.ActiveCfg = Release|Any CPU
		{69865656-8432-43E0-90EA-05F2ACBDAB2F}.Release|x86.Build.0 = Release|Any CPU
		{8882D822-BDE1-4642-8CEC-ED7050EFAB97}.Debug|Any CPU.ActiveCfg = Debug|Any CPU
		{8882D822-BDE1-4642-8CEC-ED7050EFAB97}.Debug|Any CPU.Build.0 = Debug|Any CPU
		{8882D822-BDE1-4642-8CEC-ED7050EFAB97}.Debug|x64.ActiveCfg = Debug|Any CPU
		{8882D822-BDE1-4642-8CEC-ED7050EFAB97}.Debug|x64.Build.0 = Debug|Any CPU
		{8882D822-BDE1-4642-8CEC-ED7050EFAB97}.Debug|x86.ActiveCfg = Debug|Any CPU
		{8882D822-BDE1-4642-8CEC-ED7050EFAB97}.Debug|x86.Build.0 = Debug|Any CPU
		{8882D822-BDE1-4642-8CEC-ED7050EFAB97}.Release|Any CPU.ActiveCfg = Release|Any CPU
		{8882D822-BDE1-4642-8CEC-ED7050EFAB97}.Release|Any CPU.Build.0 = Release|Any CPU
		{8882D822-BDE1-4642-8CEC-ED7050EFAB97}.Release|x64.ActiveCfg = Release|Any CPU
		{8882D822-BDE1-4642-8CEC-ED7050EFAB97}.Release|x64.Build.0 = Release|Any CPU
		{8882D822-BDE1-4642-8CEC-ED7050EFAB97}.Release|x86.ActiveCfg = Release|Any CPU
		{8882D822-BDE1-4642-8CEC-ED7050EFAB97}.Release|x86.Build.0 = Release|Any CPU
		{48CF9FEF-FDF6-82EC-AA2C-81699E9CE323}.Debug|Any CPU.ActiveCfg = Debug|Any CPU
		{48CF9FEF-FDF6-82EC-AA2C-81699E9CE323}.Debug|Any CPU.Build.0 = Debug|Any CPU
		{48CF9FEF-FDF6-82EC-AA2C-81699E9CE323}.Debug|x64.ActiveCfg = Debug|Any CPU
		{48CF9FEF-FDF6-82EC-AA2C-81699E9CE323}.Debug|x64.Build.0 = Debug|Any CPU
		{48CF9FEF-FDF6-82EC-AA2C-81699E9CE323}.Debug|x86.ActiveCfg = Debug|Any CPU
		{48CF9FEF-FDF6-82EC-AA2C-81699E9CE323}.Debug|x86.Build.0 = Debug|Any CPU
		{48CF9FEF-FDF6-82EC-AA2C-81699E9CE323}.Release|Any CPU.ActiveCfg = Release|Any CPU
		{48CF9FEF-FDF6-82EC-AA2C-81699E9CE323}.Release|Any CPU.Build.0 = Release|Any CPU
		{48CF9FEF-FDF6-82EC-AA2C-81699E9CE323}.Release|x64.ActiveCfg = Release|Any CPU
		{48CF9FEF-FDF6-82EC-AA2C-81699E9CE323}.Release|x64.Build.0 = Release|Any CPU
		{48CF9FEF-FDF6-82EC-AA2C-81699E9CE323}.Release|x86.ActiveCfg = Release|Any CPU
		{48CF9FEF-FDF6-82EC-AA2C-81699E9CE323}.Release|x86.Build.0 = Release|Any CPU
		{6065F697-0689-D869-267C-21464E326D3C}.Debug|Any CPU.ActiveCfg = Debug|Any CPU
		{6065F697-0689-D869-267C-21464E326D3C}.Debug|Any CPU.Build.0 = Debug|Any CPU
		{6065F697-0689-D869-267C-21464E326D3C}.Debug|x64.ActiveCfg = Debug|Any CPU
		{6065F697-0689-D869-267C-21464E326D3C}.Debug|x64.Build.0 = Debug|Any CPU
		{6065F697-0689-D869-267C-21464E326D3C}.Debug|x86.ActiveCfg = Debug|Any CPU
		{6065F697-0689-D869-267C-21464E326D3C}.Debug|x86.Build.0 = Debug|Any CPU
		{6065F697-0689-D869-267C-21464E326D3C}.Release|Any CPU.ActiveCfg = Release|Any CPU
		{6065F697-0689-D869-267C-21464E326D3C}.Release|Any CPU.Build.0 = Release|Any CPU
		{6065F697-0689-D869-267C-21464E326D3C}.Release|x64.ActiveCfg = Release|Any CPU
		{6065F697-0689-D869-267C-21464E326D3C}.Release|x64.Build.0 = Release|Any CPU
		{6065F697-0689-D869-267C-21464E326D3C}.Release|x86.ActiveCfg = Release|Any CPU
		{6065F697-0689-D869-267C-21464E326D3C}.Release|x86.Build.0 = Release|Any CPU
	EndGlobalSection
	GlobalSection(SolutionProperties) = preSolution
		HideSolutionNode = FALSE
	EndGlobalSection
	GlobalSection(NestedProjects) = preSolution
		{5BA7BFF8-F45A-4BA1-B191-867D761CEFCC} = {13318E4D-3C5E-4BD2-912F-47F3C76F7058}
		{473C7ECD-CE43-4A9E-8135-4E57DE6AA7C1} = {13318E4D-3C5E-4BD2-912F-47F3C76F7058}
		{69865656-8432-43E0-90EA-05F2ACBDAB2F} = {13318E4D-3C5E-4BD2-912F-47F3C76F7058}
		{8882D822-BDE1-4642-8CEC-ED7050EFAB97} = {13318E4D-3C5E-4BD2-912F-47F3C76F7058}
		{48CF9FEF-FDF6-82EC-AA2C-81699E9CE323} = {02EA681E-C7D8-13C7-8484-4AC65E1B71E8}
		{6065F697-0689-D869-267C-21464E326D3C} = {02EA681E-C7D8-13C7-8484-4AC65E1B71E8}
	EndGlobalSection
	GlobalSection(ExtensibilityGlobals) = postSolution
		SolutionGuid = {FC60E996-1303-465C-82BA-172161C4A765}
	EndGlobalSection
EndGlobal
